// !$*UTF8*$!
{
	archiveVersion = 1;
	classes = {
	};
	objectVersion = 46;
	objects = {

/* Begin PBXBuildFile section */
		4F1B7EA011704DACBD784113 /* libPods.a in Frameworks */ = {isa = PBXBuildFile; fileRef = F23B66BB6D6E41E9B141ADE6 /* libPods.a */; };
		D77219AA178F1D6800E466F8 /* UIKit.framework in Frameworks */ = {isa = PBXBuildFile; fileRef = D77219A9178F1D6800E466F8 /* UIKit.framework */; };
		D77219AC178F1D6800E466F8 /* Foundation.framework in Frameworks */ = {isa = PBXBuildFile; fileRef = D77219AB178F1D6800E466F8 /* Foundation.framework */; };
		D77219AE178F1D6800E466F8 /* CoreGraphics.framework in Frameworks */ = {isa = PBXBuildFile; fileRef = D77219AD178F1D6800E466F8 /* CoreGraphics.framework */; };
		D77219B0178F1D6800E466F8 /* CoreData.framework in Frameworks */ = {isa = PBXBuildFile; fileRef = D77219AF178F1D6800E466F8 /* CoreData.framework */; };
		D77219B6178F1D6800E466F8 /* InfoPlist.strings in Resources */ = {isa = PBXBuildFile; fileRef = D77219B4178F1D6800E466F8 /* InfoPlist.strings */; };
		D77219B8178F1D6800E466F8 /* main.m in Sources */ = {isa = PBXBuildFile; fileRef = D77219B7178F1D6800E466F8 /* main.m */; };
		D77219BC178F1D6800E466F8 /* AppDelegate.m in Sources */ = {isa = PBXBuildFile; fileRef = D77219BB178F1D6800E466F8 /* AppDelegate.m */; };
		D77219BE178F1D6800E466F8 /* Default.png in Resources */ = {isa = PBXBuildFile; fileRef = D77219BD178F1D6800E466F8 /* Default.png */; };
		D77219C0178F1D6800E466F8 /* Default@2x.png in Resources */ = {isa = PBXBuildFile; fileRef = D77219BF178F1D6800E466F8 /* Default@2x.png */; };
		D77219C2178F1D6800E466F8 /* Default-568h@2x.png in Resources */ = {isa = PBXBuildFile; fileRef = D77219C1178F1D6800E466F8 /* Default-568h@2x.png */; };
		D77219C5178F1D6800E466F8 /* JBPMMobile.xcdatamodeld in Sources */ = {isa = PBXBuildFile; fileRef = D77219C3178F1D6800E466F8 /* JBPMMobile.xcdatamodeld */; };
		D77219CD178F1D6800E466F8 /* SenTestingKit.framework in Frameworks */ = {isa = PBXBuildFile; fileRef = D77219CC178F1D6800E466F8 /* SenTestingKit.framework */; };
		D77219CE178F1D6800E466F8 /* UIKit.framework in Frameworks */ = {isa = PBXBuildFile; fileRef = D77219A9178F1D6800E466F8 /* UIKit.framework */; };
		D77219CF178F1D6800E466F8 /* Foundation.framework in Frameworks */ = {isa = PBXBuildFile; fileRef = D77219AB178F1D6800E466F8 /* Foundation.framework */; };
		D77219D0178F1D6800E466F8 /* CoreData.framework in Frameworks */ = {isa = PBXBuildFile; fileRef = D77219AF178F1D6800E466F8 /* CoreData.framework */; };
		D77219D8178F1D6800E466F8 /* InfoPlist.strings in Resources */ = {isa = PBXBuildFile; fileRef = D77219D6178F1D6800E466F8 /* InfoPlist.strings */; };
		D77219DB178F1D6800E466F8 /* JBPMMobileTests.m in Sources */ = {isa = PBXBuildFile; fileRef = D77219DA178F1D6800E466F8 /* JBPMMobileTests.m */; };
		D77219E6178F1E2400E466F8 /* loginViewController.m in Sources */ = {isa = PBXBuildFile; fileRef = D77219E5178F1E2400E466F8 /* loginViewController.m */; };
		D77219E9178F258B00E466F8 /* taskTableViewController.m in Sources */ = {isa = PBXBuildFile; fileRef = D77219E8178F258B00E466F8 /* taskTableViewController.m */; };
		D77219EC178F282F00E466F8 /* taskDetailViewController.m in Sources */ = {isa = PBXBuildFile; fileRef = D77219EB178F282F00E466F8 /* taskDetailViewController.m */; };
		D7721A0B1790480B00E466F8 /* SystemConfiguration.framework in Frameworks */ = {isa = PBXBuildFile; fileRef = D7721A0A1790480B00E466F8 /* SystemConfiguration.framework */; };
		D7721A0D1790481600E466F8 /* MobileCoreServices.framework in Frameworks */ = {isa = PBXBuildFile; fileRef = D7721A0C1790481600E466F8 /* MobileCoreServices.framework */; };
		D7721A1017904BFD00E466F8 /* JBPMRESTClient.m in Sources */ = {isa = PBXBuildFile; fileRef = D7721A0F17904BFD00E466F8 /* JBPMRESTClient.m */; };
		D7721A131794893E00E466F8 /* Task.m in Sources */ = {isa = PBXBuildFile; fileRef = D7721A121794893E00E466F8 /* Task.m */; };
/* End PBXBuildFile section */

/* Begin PBXContainerItemProxy section */
		D77219D1178F1D6800E466F8 /* PBXContainerItemProxy */ = {
			isa = PBXContainerItemProxy;
			containerPortal = D772199E178F1D6800E466F8 /* Project object */;
			proxyType = 1;
			remoteGlobalIDString = D77219A5178F1D6800E466F8;
			remoteInfo = JBPMMobile;
		};
/* End PBXContainerItemProxy section */

/* Begin PBXFileReference section */
		8C0C34BB139A42F1BE6BCD86 /* Pods.xcconfig */ = {isa = PBXFileReference; includeInIndex = 1; lastKnownFileType = text.xcconfig; name = Pods.xcconfig; path = Pods/Pods.xcconfig; sourceTree = SOURCE_ROOT; };
		D77219A6178F1D6800E466F8 /* JBPMMobile.app */ = {isa = PBXFileReference; explicitFileType = wrapper.application; includeInIndex = 0; path = JBPMMobile.app; sourceTree = BUILT_PRODUCTS_DIR; };
		D77219A9178F1D6800E466F8 /* UIKit.framework */ = {isa = PBXFileReference; lastKnownFileType = wrapper.framework; name = UIKit.framework; path = System/Library/Frameworks/UIKit.framework; sourceTree = SDKROOT; };
		D77219AB178F1D6800E466F8 /* Foundation.framework */ = {isa = PBXFileReference; lastKnownFileType = wrapper.framework; name = Foundation.framework; path = System/Library/Frameworks/Foundation.framework; sourceTree = SDKROOT; };
		D77219AD178F1D6800E466F8 /* CoreGraphics.framework */ = {isa = PBXFileReference; lastKnownFileType = wrapper.framework; name = CoreGraphics.framework; path = System/Library/Frameworks/CoreGraphics.framework; sourceTree = SDKROOT; };
		D77219AF178F1D6800E466F8 /* CoreData.framework */ = {isa = PBXFileReference; lastKnownFileType = wrapper.framework; name = CoreData.framework; path = System/Library/Frameworks/CoreData.framework; sourceTree = SDKROOT; };
		D77219B3178F1D6800E466F8 /* JBPMMobile-Info.plist */ = {isa = PBXFileReference; lastKnownFileType = text.plist.xml; path = "JBPMMobile-Info.plist"; sourceTree = "<group>"; };
		D77219B5178F1D6800E466F8 /* en */ = {isa = PBXFileReference; lastKnownFileType = text.plist.strings; name = en; path = en.lproj/InfoPlist.strings; sourceTree = "<group>"; };
		D77219B7178F1D6800E466F8 /* main.m */ = {isa = PBXFileReference; lastKnownFileType = sourcecode.c.objc; path = main.m; sourceTree = "<group>"; };
		D77219B9178F1D6800E466F8 /* JBPMMobile-Prefix.pch */ = {isa = PBXFileReference; lastKnownFileType = sourcecode.c.h; path = "JBPMMobile-Prefix.pch"; sourceTree = "<group>"; };
		D77219BA178F1D6800E466F8 /* AppDelegate.h */ = {isa = PBXFileReference; lastKnownFileType = sourcecode.c.h; path = AppDelegate.h; sourceTree = "<group>"; };
		D77219BB178F1D6800E466F8 /* AppDelegate.m */ = {isa = PBXFileReference; lastKnownFileType = sourcecode.c.objc; path = AppDelegate.m; sourceTree = "<group>"; };
		D77219BD178F1D6800E466F8 /* Default.png */ = {isa = PBXFileReference; lastKnownFileType = image.png; path = Default.png; sourceTree = "<group>"; };
		D77219BF178F1D6800E466F8 /* Default@2x.png */ = {isa = PBXFileReference; lastKnownFileType = image.png; path = "Default@2x.png"; sourceTree = "<group>"; };
		D77219C1178F1D6800E466F8 /* Default-568h@2x.png */ = {isa = PBXFileReference; lastKnownFileType = image.png; path = "Default-568h@2x.png"; sourceTree = "<group>"; };
		D77219C4178F1D6800E466F8 /* JBPMMobile.xcdatamodel */ = {isa = PBXFileReference; lastKnownFileType = wrapper.xcdatamodel; path = JBPMMobile.xcdatamodel; sourceTree = "<group>"; };
		D77219CB178F1D6800E466F8 /* JBPMMobileTests.octest */ = {isa = PBXFileReference; explicitFileType = wrapper.cfbundle; includeInIndex = 0; path = JBPMMobileTests.octest; sourceTree = BUILT_PRODUCTS_DIR; };
		D77219CC178F1D6800E466F8 /* SenTestingKit.framework */ = {isa = PBXFileReference; lastKnownFileType = wrapper.framework; name = SenTestingKit.framework; path = Library/Frameworks/SenTestingKit.framework; sourceTree = DEVELOPER_DIR; };
		D77219D5178F1D6800E466F8 /* JBPMMobileTests-Info.plist */ = {isa = PBXFileReference; lastKnownFileType = text.plist.xml; path = "JBPMMobileTests-Info.plist"; sourceTree = "<group>"; };
		D77219D7178F1D6800E466F8 /* en */ = {isa = PBXFileReference; lastKnownFileType = text.plist.strings; name = en; path = en.lproj/InfoPlist.strings; sourceTree = "<group>"; };
		D77219D9178F1D6800E466F8 /* JBPMMobileTests.h */ = {isa = PBXFileReference; lastKnownFileType = sourcecode.c.h; path = JBPMMobileTests.h; sourceTree = "<group>"; };
		D77219DA178F1D6800E466F8 /* JBPMMobileTests.m */ = {isa = PBXFileReference; lastKnownFileType = sourcecode.c.objc; path = JBPMMobileTests.m; sourceTree = "<group>"; };
		D77219E4178F1E2400E466F8 /* loginViewController.h */ = {isa = PBXFileReference; fileEncoding = 4; lastKnownFileType = sourcecode.c.h; path = loginViewController.h; sourceTree = "<group>"; };
		D77219E5178F1E2400E466F8 /* loginViewController.m */ = {isa = PBXFileReference; fileEncoding = 4; lastKnownFileType = sourcecode.c.objc; path = loginViewController.m; sourceTree = "<group>"; };
		D77219E7178F258B00E466F8 /* taskTableViewController.h */ = {isa = PBXFileReference; fileEncoding = 4; lastKnownFileType = sourcecode.c.h; path = taskTableViewController.h; sourceTree = "<group>"; };
		D77219E8178F258B00E466F8 /* taskTableViewController.m */ = {isa = PBXFileReference; fileEncoding = 4; lastKnownFileType = sourcecode.c.objc; path = taskTableViewController.m; sourceTree = "<group>"; };
		D77219EA178F282F00E466F8 /* taskDetailViewController.h */ = {isa = PBXFileReference; fileEncoding = 4; lastKnownFileType = sourcecode.c.h; path = taskDetailViewController.h; sourceTree = "<group>"; };
		D77219EB178F282F00E466F8 /* taskDetailViewController.m */ = {isa = PBXFileReference; fileEncoding = 4; lastKnownFileType = sourcecode.c.objc; path = taskDetailViewController.m; sourceTree = "<group>"; };
		D7721A0A1790480B00E466F8 /* SystemConfiguration.framework */ = {isa = PBXFileReference; lastKnownFileType = wrapper.framework; name = SystemConfiguration.framework; path = System/Library/Frameworks/SystemConfiguration.framework; sourceTree = SDKROOT; };
		D7721A0C1790481600E466F8 /* MobileCoreServices.framework */ = {isa = PBXFileReference; lastKnownFileType = wrapper.framework; name = MobileCoreServices.framework; path = System/Library/Frameworks/MobileCoreServices.framework; sourceTree = SDKROOT; };
		D7721A0E17904BFD00E466F8 /* JBPMRESTClient.h */ = {isa = PBXFileReference; fileEncoding = 4; lastKnownFileType = sourcecode.c.h; path = JBPMRESTClient.h; sourceTree = "<group>"; };
		D7721A0F17904BFD00E466F8 /* JBPMRESTClient.m */ = {isa = PBXFileReference; fileEncoding = 4; lastKnownFileType = sourcecode.c.objc; path = JBPMRESTClient.m; sourceTree = "<group>"; };
		D7721A111794893E00E466F8 /* Task.h */ = {isa = PBXFileReference; fileEncoding = 4; lastKnownFileType = sourcecode.c.h; path = Task.h; sourceTree = "<group>"; };
		D7721A121794893E00E466F8 /* Task.m */ = {isa = PBXFileReference; fileEncoding = 4; lastKnownFileType = sourcecode.c.objc; path = Task.m; sourceTree = "<group>"; };
		F23B66BB6D6E41E9B141ADE6 /* libPods.a */ = {isa = PBXFileReference; explicitFileType = archive.ar; includeInIndex = 0; path = libPods.a; sourceTree = BUILT_PRODUCTS_DIR; };
/* End PBXFileReference section */

/* Begin PBXFrameworksBuildPhase section */
		D77219A3178F1D6800E466F8 /* Frameworks */ = {
			isa = PBXFrameworksBuildPhase;
			buildActionMask = 2147483647;
			files = (
				D77219AA178F1D6800E466F8 /* UIKit.framework in Frameworks */,
				D77219AC178F1D6800E466F8 /* Foundation.framework in Frameworks */,
				D77219AE178F1D6800E466F8 /* CoreGraphics.framework in Frameworks */,
				D77219B0178F1D6800E466F8 /* CoreData.framework in Frameworks */,
				4F1B7EA011704DACBD784113 /* libPods.a in Frameworks */,
				D7721A0B1790480B00E466F8 /* SystemConfiguration.framework in Frameworks */,
				D7721A0D1790481600E466F8 /* MobileCoreServices.framework in Frameworks */,
			);
			runOnlyForDeploymentPostprocessing = 0;
		};
		D77219C7178F1D6800E466F8 /* Frameworks */ = {
			isa = PBXFrameworksBuildPhase;
			buildActionMask = 2147483647;
			files = (
				D77219CD178F1D6800E466F8 /* SenTestingKit.framework in Frameworks */,
				D77219CE178F1D6800E466F8 /* UIKit.framework in Frameworks */,
				D77219CF178F1D6800E466F8 /* Foundation.framework in Frameworks */,
				D77219D0178F1D6800E466F8 /* CoreData.framework in Frameworks */,
			);
			runOnlyForDeploymentPostprocessing = 0;
		};
/* End PBXFrameworksBuildPhase section */

/* Begin PBXGroup section */
		D772199D178F1D6800E466F8 = {
			isa = PBXGroup;
			children = (
				D7721A0C1790481600E466F8 /* MobileCoreServices.framework */,
				D7721A0A1790480B00E466F8 /* SystemConfiguration.framework */,
				D77219B1178F1D6800E466F8 /* JBPMMobile */,
				D77219D3178F1D6800E466F8 /* JBPMMobileTests */,
				D77219A8178F1D6800E466F8 /* Frameworks */,
				D77219A7178F1D6800E466F8 /* Products */,
				8C0C34BB139A42F1BE6BCD86 /* Pods.xcconfig */,
			);
			sourceTree = "<group>";
		};
		D77219A7178F1D6800E466F8 /* Products */ = {
			isa = PBXGroup;
			children = (
				D77219A6178F1D6800E466F8 /* JBPMMobile.app */,
				D77219CB178F1D6800E466F8 /* JBPMMobileTests.octest */,
			);
			name = Products;
			sourceTree = "<group>";
		};
		D77219A8178F1D6800E466F8 /* Frameworks */ = {
			isa = PBXGroup;
			children = (
				D77219A9178F1D6800E466F8 /* UIKit.framework */,
				D77219AB178F1D6800E466F8 /* Foundation.framework */,
				D77219AD178F1D6800E466F8 /* CoreGraphics.framework */,
				D77219AF178F1D6800E466F8 /* CoreData.framework */,
				D77219CC178F1D6800E466F8 /* SenTestingKit.framework */,
				F23B66BB6D6E41E9B141ADE6 /* libPods.a */,
			);
			name = Frameworks;
			sourceTree = "<group>";
		};
		D77219B1178F1D6800E466F8 /* JBPMMobile */ = {
			isa = PBXGroup;
			children = (
				D77219BA178F1D6800E466F8 /* AppDelegate.h */,
				D77219BB178F1D6800E466F8 /* AppDelegate.m */,
				D77219E4178F1E2400E466F8 /* loginViewController.h */,
				D77219E5178F1E2400E466F8 /* loginViewController.m */,
				D7721A0E17904BFD00E466F8 /* JBPMRESTClient.h */,
				D7721A0F17904BFD00E466F8 /* JBPMRESTClient.m */,
				D77219E7178F258B00E466F8 /* taskTableViewController.h */,
				D77219E8178F258B00E466F8 /* taskTableViewController.m */,
				D7721A111794893E00E466F8 /* Task.h */,
				D7721A121794893E00E466F8 /* Task.m */,
				D77219EA178F282F00E466F8 /* taskDetailViewController.h */,
				D77219EB178F282F00E466F8 /* taskDetailViewController.m */,
				D77219C3178F1D6800E466F8 /* JBPMMobile.xcdatamodeld */,
				D77219B2178F1D6800E466F8 /* Supporting Files */,
			);
			path = JBPMMobile;
			sourceTree = "<group>";
		};
		D77219B2178F1D6800E466F8 /* Supporting Files */ = {
			isa = PBXGroup;
			children = (
				D77219B3178F1D6800E466F8 /* JBPMMobile-Info.plist */,
				D77219B4178F1D6800E466F8 /* InfoPlist.strings */,
				D77219B7178F1D6800E466F8 /* main.m */,
				D77219B9178F1D6800E466F8 /* JBPMMobile-Prefix.pch */,
				D77219BD178F1D6800E466F8 /* Default.png */,
				D77219BF178F1D6800E466F8 /* Default@2x.png */,
				D77219C1178F1D6800E466F8 /* Default-568h@2x.png */,
			);
			name = "Supporting Files";
			sourceTree = "<group>";
		};
		D77219D3178F1D6800E466F8 /* JBPMMobileTests */ = {
			isa = PBXGroup;
			children = (
				D77219D9178F1D6800E466F8 /* JBPMMobileTests.h */,
				D77219DA178F1D6800E466F8 /* JBPMMobileTests.m */,
				D77219D4178F1D6800E466F8 /* Supporting Files */,
			);
			path = JBPMMobileTests;
			sourceTree = "<group>";
		};
		D77219D4178F1D6800E466F8 /* Supporting Files */ = {
			isa = PBXGroup;
			children = (
				D77219D5178F1D6800E466F8 /* JBPMMobileTests-Info.plist */,
				D77219D6178F1D6800E466F8 /* InfoPlist.strings */,
			);
			name = "Supporting Files";
			sourceTree = "<group>";
		};
/* End PBXGroup section */

/* Begin PBXNativeTarget section */
		D77219A5178F1D6800E466F8 /* JBPMMobile */ = {
			isa = PBXNativeTarget;
			buildConfigurationList = D77219DE178F1D6800E466F8 /* Build configuration list for PBXNativeTarget "JBPMMobile" */;
			buildPhases = (
				A73BACF9C56C4D949D840369 /* Check Pods Manifest.lock */,
				D77219A2178F1D6800E466F8 /* Sources */,
				D77219A3178F1D6800E466F8 /* Frameworks */,
				D77219A4178F1D6800E466F8 /* Resources */,
				BA5D1D87601E46068C8F8D37 /* Copy Pods Resources */,
			);
			buildRules = (
			);
			dependencies = (
			);
			name = JBPMMobile;
			productName = JBPMMobile;
			productReference = D77219A6178F1D6800E466F8 /* JBPMMobile.app */;
			productType = "com.apple.product-type.application";
		};
		D77219CA178F1D6800E466F8 /* JBPMMobileTests */ = {
			isa = PBXNativeTarget;
			buildConfigurationList = D77219E1178F1D6800E466F8 /* Build configuration list for PBXNativeTarget "JBPMMobileTests" */;
			buildPhases = (
				D77219C6178F1D6800E466F8 /* Sources */,
				D77219C7178F1D6800E466F8 /* Frameworks */,
				D77219C8178F1D6800E466F8 /* Resources */,
				D77219C9178F1D6800E466F8 /* ShellScript */,
			);
			buildRules = (
			);
			dependencies = (
				D77219D2178F1D6800E466F8 /* PBXTargetDependency */,
			);
			name = JBPMMobileTests;
			productName = JBPMMobileTests;
			productReference = D77219CB178F1D6800E466F8 /* JBPMMobileTests.octest */;
			productType = "com.apple.product-type.bundle";
		};
/* End PBXNativeTarget section */

/* Begin PBXProject section */
		D772199E178F1D6800E466F8 /* Project object */ = {
			isa = PBXProject;
			attributes = {
				LastUpgradeCheck = 0460;
				ORGANIZATIONNAME = redhat;
			};
			buildConfigurationList = D77219A1178F1D6800E466F8 /* Build configuration list for PBXProject "JBPMMobile" */;
			compatibilityVersion = "Xcode 3.2";
			developmentRegion = English;
			hasScannedForEncodings = 0;
			knownRegions = (
				en,
			);
			mainGroup = D772199D178F1D6800E466F8;
			productRefGroup = D77219A7178F1D6800E466F8 /* Products */;
			projectDirPath = "";
			projectRoot = "";
			targets = (
				D77219A5178F1D6800E466F8 /* JBPMMobile */,
				D77219CA178F1D6800E466F8 /* JBPMMobileTests */,
			);
		};
/* End PBXProject section */

/* Begin PBXResourcesBuildPhase section */
		D77219A4178F1D6800E466F8 /* Resources */ = {
			isa = PBXResourcesBuildPhase;
			buildActionMask = 2147483647;
			files = (
				D77219B6178F1D6800E466F8 /* InfoPlist.strings in Resources */,
				D77219BE178F1D6800E466F8 /* Default.png in Resources */,
				D77219C0178F1D6800E466F8 /* Default@2x.png in Resources */,
				D77219C2178F1D6800E466F8 /* Default-568h@2x.png in Resources */,
			);
			runOnlyForDeploymentPostprocessing = 0;
		};
		D77219C8178F1D6800E466F8 /* Resources */ = {
			isa = PBXResourcesBuildPhase;
			buildActionMask = 2147483647;
			files = (
				D77219D8178F1D6800E466F8 /* InfoPlist.strings in Resources */,
			);
			runOnlyForDeploymentPostprocessing = 0;
		};
/* End PBXResourcesBuildPhase section */

/* Begin PBXShellScriptBuildPhase section */
		A73BACF9C56C4D949D840369 /* Check Pods Manifest.lock */ = {
			isa = PBXShellScriptBuildPhase;
			buildActionMask = 2147483647;
			files = (
			);
			inputPaths = (
			);
			name = "Check Pods Manifest.lock";
			outputPaths = (
			);
			runOnlyForDeploymentPostprocessing = 0;
			shellPath = /bin/sh;
			shellScript = "diff \"${PODS_ROOT}/../Podfile.lock\" \"${PODS_ROOT}/Manifest.lock\" > /dev/null\nif [[ $? != 0 ]] ; then\n    cat << EOM\nerror: The sandbox is not in sync with the Podfile.lock. Run 'pod install' or update your CocoaPods installation.\nEOM\n    exit 1\nfi\n";
			showEnvVarsInLog = 0;
		};
		BA5D1D87601E46068C8F8D37 /* Copy Pods Resources */ = {
			isa = PBXShellScriptBuildPhase;
			buildActionMask = 2147483647;
			files = (
			);
			inputPaths = (
			);
			name = "Copy Pods Resources";
			outputPaths = (
			);
			runOnlyForDeploymentPostprocessing = 0;
			shellPath = /bin/sh;
			shellScript = "\"${SRCROOT}/Pods/Pods-resources.sh\"\n";
			showEnvVarsInLog = 0;
		};
		D77219C9178F1D6800E466F8 /* ShellScript */ = {
			isa = PBXShellScriptBuildPhase;
			buildActionMask = 2147483647;
			files = (
			);
			inputPaths = (
			);
			outputPaths = (
			);
			runOnlyForDeploymentPostprocessing = 0;
			shellPath = /bin/sh;
			shellScript = "# Run the unit tests in this test bundle.\n\"${SYSTEM_DEVELOPER_DIR}/Tools/RunUnitTests\"\n";
		};
/* End PBXShellScriptBuildPhase section */

/* Begin PBXSourcesBuildPhase section */
		D77219A2178F1D6800E466F8 /* Sources */ = {
			isa = PBXSourcesBuildPhase;
			buildActionMask = 2147483647;
			files = (
				D77219B8178F1D6800E466F8 /* main.m in Sources */,
				D77219BC178F1D6800E466F8 /* AppDelegate.m in Sources */,
				D77219C5178F1D6800E466F8 /* JBPMMobile.xcdatamodeld in Sources */,
				D77219E6178F1E2400E466F8 /* loginViewController.m in Sources */,
				D77219E9178F258B00E466F8 /* taskTableViewController.m in Sources */,
				D77219EC178F282F00E466F8 /* taskDetailViewController.m in Sources */,
				D7721A1017904BFD00E466F8 /* JBPMRESTClient.m in Sources */,
				D7721A131794893E00E466F8 /* Task.m in Sources */,
			);
			runOnlyForDeploymentPostprocessing = 0;
		};
		D77219C6178F1D6800E466F8 /* Sources */ = {
			isa = PBXSourcesBuildPhase;
			buildActionMask = 2147483647;
			files = (
				D77219DB178F1D6800E466F8 /* JBPMMobileTests.m in Sources */,
			);
			runOnlyForDeploymentPostprocessing = 0;
		};
/* End PBXSourcesBuildPhase section */

/* Begin PBXTargetDependency section */
		D77219D2178F1D6800E466F8 /* PBXTargetDependency */ = {
			isa = PBXTargetDependency;
			target = D77219A5178F1D6800E466F8 /* JBPMMobile */;
			targetProxy = D77219D1178F1D6800E466F8 /* PBXContainerItemProxy */;
		};
/* End PBXTargetDependency section */

/* Begin PBXVariantGroup section */
		D77219B4178F1D6800E466F8 /* InfoPlist.strings */ = {
			isa = PBXVariantGroup;
			children = (
				D77219B5178F1D6800E466F8 /* en */,
			);
			name = InfoPlist.strings;
			sourceTree = "<group>";
		};
		D77219D6178F1D6800E466F8 /* InfoPlist.strings */ = {
			isa = PBXVariantGroup;
			children = (
				D77219D7178F1D6800E466F8 /* en */,
			);
			name = InfoPlist.strings;
			sourceTree = "<group>";
		};
/* End PBXVariantGroup section */

/* Begin XCBuildConfiguration section */
		D77219DC178F1D6800E466F8 /* Debug */ = {
			isa = XCBuildConfiguration;
			buildSettings = {
				ALWAYS_SEARCH_USER_PATHS = NO;
				CLANG_CXX_LANGUAGE_STANDARD = "gnu++0x";
				CLANG_CXX_LIBRARY = "libc++";
				CLANG_ENABLE_OBJC_ARC = YES;
				CLANG_WARN_CONSTANT_CONVERSION = YES;
				CLANG_WARN_EMPTY_BODY = YES;
				CLANG_WARN_ENUM_CONVERSION = YES;
				CLANG_WARN_INT_CONVERSION = YES;
				CLANG_WARN__DUPLICATE_METHOD_MATCH = YES;
				"CODE_SIGN_IDENTITY[sdk=iphoneos*]" = "iPhone Developer";
				COPY_PHASE_STRIP = NO;
				GCC_C_LANGUAGE_STANDARD = gnu99;
				GCC_DYNAMIC_NO_PIC = NO;
				GCC_OPTIMIZATION_LEVEL = 0;
				GCC_PREPROCESSOR_DEFINITIONS = (
					"DEBUG=1",
					"$(inherited)",
				);
				GCC_SYMBOLS_PRIVATE_EXTERN = NO;
				GCC_WARN_ABOUT_RETURN_TYPE = YES;
				GCC_WARN_UNINITIALIZED_AUTOS = YES;
				GCC_WARN_UNUSED_VARIABLE = YES;
				IPHONEOS_DEPLOYMENT_TARGET = 6.1;
				ONLY_ACTIVE_ARCH = YES;
				SDKROOT = iphoneos;
			};
			name = Debug;
		};
		D77219DD178F1D6800E466F8 /* Release */ = {
			isa = XCBuildConfiguration;
			buildSettings = {
				ALWAYS_SEARCH_USER_PATHS = NO;
				CLANG_CXX_LANGUAGE_STANDARD = "gnu++0x";
				CLANG_CXX_LIBRARY = "libc++";
				CLANG_ENABLE_OBJC_ARC = YES;
				CLANG_WARN_CONSTANT_CONVERSION = YES;
				CLANG_WARN_EMPTY_BODY = YES;
				CLANG_WARN_ENUM_CONVERSION = YES;
				CLANG_WARN_INT_CONVERSION = YES;
				CLANG_WARN__DUPLICATE_METHOD_MATCH = YES;
				"CODE_SIGN_IDENTITY[sdk=iphoneos*]" = "iPhone Developer";
				COPY_PHASE_STRIP = YES;
				GCC_C_LANGUAGE_STANDARD = gnu99;
				GCC_WARN_ABOUT_RETURN_TYPE = YES;
				GCC_WARN_UNINITIALIZED_AUTOS = YES;
				GCC_WARN_UNUSED_VARIABLE = YES;
				IPHONEOS_DEPLOYMENT_TARGET = 6.1;
				OTHER_CFLAGS = "-DNS_BLOCK_ASSERTIONS=1";
				SDKROOT = iphoneos;
				VALIDATE_PRODUCT = YES;
			};
			name = Release;
		};
		D77219DF178F1D6800E466F8 /* Debug */ = {
			isa = XCBuildConfiguration;
			baseConfigurationReference = 8C0C34BB139A42F1BE6BCD86 /* Pods.xcconfig */;
			buildSettings = {
				GCC_PRECOMPILE_PREFIX_HEADER = YES;
				GCC_PREFIX_HEADER = "JBPMMobile/JBPMMobile-Prefix.pch";
				INFOPLIST_FILE = "JBPMMobile/JBPMMobile-Info.plist";
				PRODUCT_NAME = "$(TARGET_NAME)";
				WRAPPER_EXTENSION = app;
			};
			name = Debug;
		};
		D77219E0178F1D6800E466F8 /* Release */ = {
			isa = XCBuildConfiguration;
			baseConfigurationReference = 8C0C34BB139A42F1BE6BCD86 /* Pods.xcconfig */;
			buildSettings = {
				GCC_PRECOMPILE_PREFIX_HEADER = YES;
				GCC_PREFIX_HEADER = "JBPMMobile/JBPMMobile-Prefix.pch";
				INFOPLIST_FILE = "JBPMMobile/JBPMMobile-Info.plist";
				PRODUCT_NAME = "$(TARGET_NAME)";
				WRAPPER_EXTENSION = app;
			};
			name = Release;
		};
		D77219E2178F1D6800E466F8 /* Debug */ = {
			isa = XCBuildConfiguration;
			buildSettings = {
				BUNDLE_LOADER = "$(BUILT_PRODUCTS_DIR)/JBPMMobile.app/JBPMMobile";
				FRAMEWORK_SEARCH_PATHS = (
					"\"$(SDKROOT)/Developer/Library/Frameworks\"",
					"\"$(DEVELOPER_LIBRARY_DIR)/Frameworks\"",
				);
				GCC_PRECOMPILE_PREFIX_HEADER = YES;
				GCC_PREFIX_HEADER = "JBPMMobile/JBPMMobile-Prefix.pch";
				INFOPLIST_FILE = "JBPMMobileTests/JBPMMobileTests-Info.plist";
				PRODUCT_NAME = "$(TARGET_NAME)";
				TEST_HOST = "$(BUNDLE_LOADER)";
				WRAPPER_EXTENSION = octest;
			};
			name = Debug;
		};
		D77219E3178F1D6800E466F8 /* Release */ = {
			isa = XCBuildConfiguration;
			buildSettings = {
				BUNDLE_LOADER = "$(BUILT_PRODUCTS_DIR)/JBPMMobile.app/JBPMMobile";
				FRAMEWORK_SEARCH_PATHS = (
					"\"$(SDKROOT)/Developer/Library/Frameworks\"",
					"\"$(DEVELOPER_LIBRARY_DIR)/Frameworks\"",
				);
				GCC_PRECOMPILE_PREFIX_HEADER = YES;
				GCC_PREFIX_HEADER = "JBPMMobile/JBPMMobile-Prefix.pch";
				INFOPLIST_FILE = "JBPMMobileTests/JBPMMobileTests-Info.plist";
				PRODUCT_NAME = "$(TARGET_NAME)";
				TEST_HOST = "$(BUNDLE_LOADER)";
				WRAPPER_EXTENSION = octest;
			};
			name = Release;
		};
/* End XCBuildConfiguration section */

/* Begin XCConfigurationList section */
		D77219A1178F1D6800E466F8 /* Build configuration list for PBXProject "JBPMMobile" */ = {
			isa = XCConfigurationList;
			buildConfigurations = (
				D77219DC178F1D6800E466F8 /* Debug */,
				D77219DD178F1D6800E466F8 /* Release */,
			);
			defaultConfigurationIsVisible = 0;
			defaultConfigurationName = Release;
		};
		D77219DE178F1D6800E466F8 /* Build configuration list for PBXNativeTarget "JBPMMobile" */ = {
			isa = XCConfigurationList;
			buildConfigurations = (
				D77219DF178F1D6800E466F8 /* Debug */,
				D77219E0178F1D6800E466F8 /* Release */,
			);
			defaultConfigurationIsVisible = 0;
			defaultConfigurationName = Release;
		};
		D77219E1178F1D6800E466F8 /* Build configuration list for PBXNativeTarget "JBPMMobileTests" */ = {
			isa = XCConfigurationList;
			buildConfigurations = (
				D77219E2178F1D6800E466F8 /* Debug */,
				D77219E3178F1D6800E466F8 /* Release */,
			);
			defaultConfigurationIsVisible = 0;
			defaultConfigurationName = Release;
		};
/* End XCConfigurationList section */

/* Begin XCVersionGroup section */
		D77219C3178F1D6800E466F8 /* JBPMMobile.xcdatamodeld */ = {
			isa = XCVersionGroup;
			children = (
				D77219C4178F1D6800E466F8 /* JBPMMobile.xcdatamodel */,
			);
			currentVersion = D77219C4178F1D6800E466F8 /* JBPMMobile.xcdatamodel */;
			path = JBPMMobile.xcdatamodeld;
			sourceTree = "<group>";
			versionGroupType = wrapper.xcdatamodel;
		};
/* End XCVersionGroup section */
	};
	rootObject = D772199E178F1D6800E466F8 /* Project object */;
}
